
Microsoft Visual Studio Solution File, Format Version 12.00
# Visual Studio Version 17
VisualStudioVersion = 17.0.32112.339
MinimumVisualStudioVersion = 10.0.40219.1
Project("{9A19103F-16F7-4668-BE54-9A1E7A4F7556}") = "DI___Life_Cycle", "APIUm\DI___Life_Cycle.csproj", "{DE44E9F9-C037-4639-96C8-7FEB83DF7948}"
EndProject
Global
	GlobalSection(SolutionConfigurationPlatforms) = preSolution
		Debug|Any CPU = Debug|Any CPU
		Release|Any CPU = Release|Any CPU
	EndGlobalSection
	GlobalSection(ProjectConfigurationPlatforms) = postSolution
		{DE44E9F9-C037-4639-96C8-7FEB83DF7948}.Debug|Any CPU.ActiveCfg = Debug|Any CPU
		{DE44E9F9-C037-4639-96C8-7FEB83DF7948}.Debug|Any CPU.Build.0 = Debug|Any CPU
		{DE44E9F9-C037-4639-96C8-7FEB83DF7948}.Release|Any CPU.ActiveCfg = Release|Any CPU
		{DE44E9F9-C037-4639-96C8-7FEB83DF7948}.Release|Any CPU.Build.0 = Release|Any CPU
	EndGlobalSection
	GlobalSection(SolutionProperties) = preSolution
		HideSolutionNode = FALSE
	EndGlobalSection
	GlobalSection(ExtensibilityGlobals) = postSolution
		SolutionGuid = {550475C4-AF78-454C-8496-AFEDF14DFE9B}
	EndGlobalSection
EndGlobal
